PODS:
  - Flutter (1.0.0)
  - share (0.5.2):
    - Flutter
  - youtube_api (0.2.1):
    - Flutter
  - youtube_player (0.0.1):
    - Flutter

DEPENDENCIES:
  - Flutter (from `Flutter`)
  - share (from `.symlinks/plugins/share/ios`)
  - youtube_api (from `.symlinks/plugins/youtube_api/ios`)
  - youtube_player (from `.symlinks/plugins/youtube_player/ios`)

EXTERNAL SOURCES:
  Flutter:
    :path: Flutter
  share:
    :path: ".symlinks/plugins/share/ios"
  youtube_api:
    :path: ".symlinks/plugins/youtube_api/ios"
  youtube_player:
    :path: ".symlinks/plugins/youtube_player/ios"

SPEC CHECKSUMS:
  Flutter: 0e3d915762c693b495b44d77113d4970485de6ec
  share: bae0a282aab4483288913fc4dc0b935d4b491f2e
  youtube_api: 3e3c2faa0cf3f296204bcc93284cdb097f42cdd6
  youtube_player: 66aa84ca8819ad8ef7305299c2ee31ccf42121a1

PODFILE CHECKSUM: 1b66dae606f75376c5f2135a8290850eeb09ae83

COCOAPODS: 1.8.4
